
Microsoft Visual Studio Solution File, Format Version 12.00
# Visual Studio Version 17
VisualStudioVersion = 17.4.33205.214
MinimumVisualStudioVersion = 10.0.40219.1
Project("{FAE04EC0-301F-11D3-BF4B-00C04F79EFBC}") = "MVCTest2312", "MVCTest2312\MVCTest2312.csproj", "{228EEA07-2FC5-4D60-A893-E1A31156A328}"
EndProject
Global
	GlobalSection(SolutionConfigurationPlatforms) = preSolution
		Debug|Any CPU = Debug|Any CPU
		Release|Any CPU = Release|Any CPU
	EndGlobalSection
	GlobalSection(ProjectConfigurationPlatforms) = postSolution
		{228EEA07-2FC5-4D60-A893-E1A31156A328}.Debug|Any CPU.ActiveCfg = Debug|Any CPU
		{228EEA07-2FC5-4D60-A893-E1A31156A328}.Debug|Any CPU.Build.0 = Debug|Any CPU
		{228EEA07-2FC5-4D60-A893-E1A31156A328}.Release|Any CPU.ActiveCfg = Release|Any CPU
		{228EEA07-2FC5-4D60-A893-E1A31156A328}.Release|Any CPU.Build.0 = Release|Any CPU
	EndGlobalSection
	GlobalSection(SolutionProperties) = preSolution
		HideSolutionNode = FALSE
	EndGlobalSection
	GlobalSection(ExtensibilityGlobals) = postSolution
		SolutionGuid = {DCCC6A95-EF96-4E22-91DC-32CAA34773D3}
	EndGlobalSection
EndGlobal
